
Microsoft Visual Studio Solution File, Format Version 11.00
# Visual Studio 2010
Project("{2150E333-8FDC-42A3-9474-1A3956D46DE8}") = "1. Overmind", "1. Overmind", "{8C6D3AC5-8591-4F32-A8AB-18C9E60F1029}"
EndProject
Project("{2150E333-8FDC-42A3-9474-1A3956D46DE8}") = "2. Drone", "2. Drone", "{7B00A164-BFB9-41BB-AB3A-1783AC455142}"
EndProject
Project("{2150E333-8FDC-42A3-9474-1A3956D46DE8}") = "3. Cross Cutting Concerns", "3. Cross Cutting Concerns", "{0F4B5C90-88A6-4477-8AAF-65FE2E940787}"
EndProject
Project("{2150E333-8FDC-42A3-9474-1A3956D46DE8}") = ".nuget", ".nuget", "{CE1CFA32-8E1F-43E3-9B5E-C5C75503383B}"
	ProjectSection(SolutionItems) = preProject
		.nuget\nuget.exe = .nuget\nuget.exe
		.nuget\nuget.targets = .nuget\nuget.targets
	EndProjectSection
EndProject
Project("{FAE04EC0-301F-11D3-BF4B-00C04F79EFBC}") = "Swarm.Overmind.Controller", "Swarm.Overmind.Controller\Swarm.Overmind.Controller.csproj", "{29B0B536-3C50-481A-BC6C-89F66FE39F88}"
EndProject
Project("{FAE04EC0-301F-11D3-BF4B-00C04F79EFBC}") = "Swarm.Common.Mvc", "Swarm.Common.Mvc\Swarm.Common.Mvc.csproj", "{BE9DCCD0-D5AA-4AFF-9C42-34E325D1FD7E}"
EndProject
Project("{FAE04EC0-301F-11D3-BF4B-00C04F79EFBC}") = "Swarm.Common", "Swarm.Common\Swarm.Common.csproj", "{8069E6E0-91C4-4BC2-A490-80A5674F6CFC}"
EndProject
Project("{FAE04EC0-301F-11D3-BF4B-00C04F79EFBC}") = "Swarm.Extensions.MiniProfiler", "Swarm.Extensions.MiniProfiler\Swarm.Extensions.MiniProfiler.csproj", "{4B10C9C7-9570-49F0-A7FB-7756BF4A1299}"
EndProject
Project("{FAE04EC0-301F-11D3-BF4B-00C04F79EFBC}") = "Swarm.Overmind", "Swarm.Overmind\Swarm.Overmind.csproj", "{5C3C4F8C-DC67-4E7E-8435-667774FC043E}"
EndProject
Project("{FAE04EC0-301F-11D3-BF4B-00C04F79EFBC}") = "Swarm.Extensions.CommonLogging", "Swarm.Extensions.CommonLogging\Swarm.Extensions.CommonLogging.csproj", "{89562EED-6323-4739-9557-2D4F5AA69F8F}"
EndProject
Project("{2150E333-8FDC-42A3-9474-1A3956D46DE8}") = "X. Solution Items", "X. Solution Items", "{DE4C8935-62CE-4192-BB80-E7340B2DE9BD}"
	ProjectSection(SolutionItems) = preProject
		GlobalAssemblyInfo.cs = GlobalAssemblyInfo.cs
	EndProjectSection
EndProject
Project("{FAE04EC0-301F-11D3-BF4B-00C04F79EFBC}") = "Swarm.Overmind.Domain", "Swarm.Overmind.Domain\Swarm.Overmind.Domain.csproj", "{5B0A6F54-047F-4CFB-BB8C-056DBB4EE85E}"
EndProject
Project("{FAE04EC0-301F-11D3-BF4B-00C04F79EFBC}") = "Swarm.Overmind.Domain.Entity", "Swarm.Overmind.Domain.Entity\Swarm.Overmind.Domain.Entity.csproj", "{CF7CFD5E-9215-4014-8647-AE906A87A5A3}"
EndProject
Project("{FAE04EC0-301F-11D3-BF4B-00C04F79EFBC}") = "Swarm.Overmind.Domain.Logic", "Swarm.Overmind.Domain.Logic\Swarm.Overmind.Domain.Logic.csproj", "{84F6DB4B-1B73-42F6-81CE-67CD9631FE2A}"
EndProject
Project("{2150E333-8FDC-42A3-9474-1A3956D46DE8}") = "1.2 Domain", "1.2 Domain", "{EB366CE7-D6E2-4A0F-8E66-BC19E75B68CD}"
EndProject
Project("{2150E333-8FDC-42A3-9474-1A3956D46DE8}") = "1.1 Mvc", "1.1 Mvc", "{B4A77B02-C17A-42EB-941C-ADE22EC5C39B}"
EndProject
Project("{2150E333-8FDC-42A3-9474-1A3956D46DE8}") = "1.3 Data", "1.3 Data", "{8C523E7F-B28A-4B5D-B359-D44D88B6EDC6}"
EndProject
Project("{FAE04EC0-301F-11D3-BF4B-00C04F79EFBC}") = "Swarm.Overmind.Data.Dapper", "Swarm.Overmind.Data.Dapper\Swarm.Overmind.Data.Dapper.csproj", "{F17E96BA-A4DA-4FD1-B091-2C85B953695A}"
EndProject
Project("{FAE04EC0-301F-11D3-BF4B-00C04F79EFBC}") = "Swarm.Overmind.Data.Deployment", "Swarm.Overmind.Data.Deployment\Swarm.Overmind.Data.Deployment.csproj", "{2656DDDF-69BC-4DA9-9691-5059CC710750}"
EndProject
Project("{C8D11400-126E-41CD-887F-60BD40844F9E}") = "Swarm.Overmind.SqlServer", "Swarm.Overmind.Data.SqlServer\Swarm.Overmind.SqlServer.dbproj", "{67CBC824-A49E-4E9B-A947-360F3DFE65C3}"
EndProject
Project("{FAE04EC0-301F-11D3-BF4B-00C04F79EFBC}") = "Swarm.Drone.Domain", "Swarm.Drone.Domain\Swarm.Drone.Domain.csproj", "{B9759007-BDCA-435A-B493-02F3D75BF4B8}"
EndProject
Project("{FAE04EC0-301F-11D3-BF4B-00C04F79EFBC}") = "Swarm.Common.Wcf", "Swarm.Common.Wcf\Swarm.Common.Wcf.csproj", "{AE69E6E3-76FB-454C-9275-A65F79E83BDA}"
EndProject
Project("{FAE04EC0-301F-11D3-BF4B-00C04F79EFBC}") = "Swarm.Drone.Domain.Logic", "Swarm.Drone.Domain.Logic\Swarm.Drone.Domain.Logic.csproj", "{7643D859-9414-4D6F-A65B-69368365F60A}"
EndProject
Project("{FAE04EC0-301F-11D3-BF4B-00C04F79EFBC}") = "Swarm.Drone.Windsor", "Swarm.Drone.Windsor\Swarm.Drone.Windsor.csproj", "{041AC682-A894-4C25-B193-92D1E5AD90C8}"
EndProject
Project("{FAE04EC0-301F-11D3-BF4B-00C04F79EFBC}") = "Swarm.Drone", "Swarm.Drone\Swarm.Drone.csproj", "{F279BC68-5689-409D-BA33-BDCDD0C4E0C6}"
EndProject
Project("{2150E333-8FDC-42A3-9474-1A3956D46DE8}") = "2.3 Tests", "2.3 Tests", "{BC7F5FD3-E137-4357-A022-0CD07F444B6F}"
EndProject
Project("{2150E333-8FDC-42A3-9474-1A3956D46DE8}") = "1.4 Tests", "1.4 Tests", "{CF117C26-2CEA-4359-AD72-62F923F42F2D}"
EndProject
Project("{2150E333-8FDC-42A3-9474-1A3956D46DE8}") = "2.1 Wcf", "2.1 Wcf", "{BF6ED4EE-74F6-46FB-B078-24AC129C9B78}"
EndProject
Project("{2150E333-8FDC-42A3-9474-1A3956D46DE8}") = "2.2 Domain", "2.2 Domain", "{1FD524AE-ABFD-4898-A470-63D94D2911E4}"
EndProject
Project("{FAE04EC0-301F-11D3-BF4B-00C04F79EFBC}") = "Swarm.Drone.Tests", "Swarm.Drone.Tests\Swarm.Drone.Tests.csproj", "{8371F180-3AC1-4B70-AC1F-8EAFC79F7D99}"
	ProjectSection(ProjectDependencies) = postProject
		{F279BC68-5689-409D-BA33-BDCDD0C4E0C6} = {F279BC68-5689-409D-BA33-BDCDD0C4E0C6}
	EndProjectSection
EndProject
Project("{FAE04EC0-301F-11D3-BF4B-00C04F79EFBC}") = "Swarm.Drone.Domain.Logic.Tests", "Swarm.Drone.Domain.Logic.Tests\Swarm.Drone.Domain.Logic.Tests.csproj", "{1F9810C0-2201-4A04-805A-21CB9ECDD512}"
EndProject
Project("{FAE04EC0-301F-11D3-BF4B-00C04F79EFBC}") = "Swarm.Contracts", "Swarm.Contracts\Swarm.Contracts.csproj", "{C2414DD4-BBC5-4063-AAF9-9AC1BC35409D}"
EndProject
Project("{FAE04EC0-301F-11D3-BF4B-00C04F79EFBC}") = "Swarm.Overmind.Windsor", "Swarm.Overmind.Windsor\Swarm.Overmind.Windsor.csproj", "{64E9FD64-74DA-4FEE-9611-722D475B6312}"
EndProject
Project("{FAE04EC0-301F-11D3-BF4B-00C04F79EFBC}") = "Swarm.Overmind.Model", "Swarm.Overmind.Model\Swarm.Overmind.Model.csproj", "{C7BE64F2-B820-4B8D-8823-0DE436FCBA60}"
EndProject
Project("{FAE04EC0-301F-11D3-BF4B-00C04F79EFBC}") = "Swarm.Common.Threading", "Swarm.Common.Threading\Swarm.Common.Threading.csproj", "{C8A46E49-869B-49E9-803B-7DC8FDDD1FF2}"
EndProject
Global
	GlobalSection(SolutionConfigurationPlatforms) = preSolution
		Debug|Any CPU = Debug|Any CPU
		Debug|Mixed Platforms = Debug|Mixed Platforms
		Debug|x86 = Debug|x86
		Release|Any CPU = Release|Any CPU
		Release|Mixed Platforms = Release|Mixed Platforms
		Release|x86 = Release|x86
	EndGlobalSection
	GlobalSection(ProjectConfigurationPlatforms) = postSolution
		{29B0B536-3C50-481A-BC6C-89F66FE39F88}.Debug|Any CPU.ActiveCfg = Debug|Any CPU
		{29B0B536-3C50-481A-BC6C-89F66FE39F88}.Debug|Any CPU.Build.0 = Debug|Any CPU
		{29B0B536-3C50-481A-BC6C-89F66FE39F88}.Debug|Mixed Platforms.ActiveCfg = Debug|Any CPU
		{29B0B536-3C50-481A-BC6C-89F66FE39F88}.Debug|Mixed Platforms.Build.0 = Debug|Any CPU
		{29B0B536-3C50-481A-BC6C-89F66FE39F88}.Debug|x86.ActiveCfg = Debug|Any CPU
		{29B0B536-3C50-481A-BC6C-89F66FE39F88}.Release|Any CPU.ActiveCfg = Release|Any CPU
		{29B0B536-3C50-481A-BC6C-89F66FE39F88}.Release|Any CPU.Build.0 = Release|Any CPU
		{29B0B536-3C50-481A-BC6C-89F66FE39F88}.Release|Mixed Platforms.ActiveCfg = Release|Any CPU
		{29B0B536-3C50-481A-BC6C-89F66FE39F88}.Release|Mixed Platforms.Build.0 = Release|Any CPU
		{29B0B536-3C50-481A-BC6C-89F66FE39F88}.Release|x86.ActiveCfg = Release|Any CPU
		{BE9DCCD0-D5AA-4AFF-9C42-34E325D1FD7E}.Debug|Any CPU.ActiveCfg = Debug|Any CPU
		{BE9DCCD0-D5AA-4AFF-9C42-34E325D1FD7E}.Debug|Any CPU.Build.0 = Debug|Any CPU
		{BE9DCCD0-D5AA-4AFF-9C42-34E325D1FD7E}.Debug|Mixed Platforms.ActiveCfg = Debug|Any CPU
		{BE9DCCD0-D5AA-4AFF-9C42-34E325D1FD7E}.Debug|Mixed Platforms.Build.0 = Debug|Any CPU
		{BE9DCCD0-D5AA-4AFF-9C42-34E325D1FD7E}.Debug|x86.ActiveCfg = Debug|Any CPU
		{BE9DCCD0-D5AA-4AFF-9C42-34E325D1FD7E}.Release|Any CPU.ActiveCfg = Release|Any CPU
		{BE9DCCD0-D5AA-4AFF-9C42-34E325D1FD7E}.Release|Any CPU.Build.0 = Release|Any CPU
		{BE9DCCD0-D5AA-4AFF-9C42-34E325D1FD7E}.Release|Mixed Platforms.ActiveCfg = Release|Any CPU
		{BE9DCCD0-D5AA-4AFF-9C42-34E325D1FD7E}.Release|Mixed Platforms.Build.0 = Release|Any CPU
		{BE9DCCD0-D5AA-4AFF-9C42-34E325D1FD7E}.Release|x86.ActiveCfg = Release|Any CPU
		{8069E6E0-91C4-4BC2-A490-80A5674F6CFC}.Debug|Any CPU.ActiveCfg = Debug|Any CPU
		{8069E6E0-91C4-4BC2-A490-80A5674F6CFC}.Debug|Any CPU.Build.0 = Debug|Any CPU
		{8069E6E0-91C4-4BC2-A490-80A5674F6CFC}.Debug|Mixed Platforms.ActiveCfg = Debug|Any CPU
		{8069E6E0-91C4-4BC2-A490-80A5674F6CFC}.Debug|Mixed Platforms.Build.0 = Debug|Any CPU
		{8069E6E0-91C4-4BC2-A490-80A5674F6CFC}.Debug|x86.ActiveCfg = Debug|Any CPU
		{8069E6E0-91C4-4BC2-A490-80A5674F6CFC}.Release|Any CPU.ActiveCfg = Release|Any CPU
		{8069E6E0-91C4-4BC2-A490-80A5674F6CFC}.Release|Any CPU.Build.0 = Release|Any CPU
		{8069E6E0-91C4-4BC2-A490-80A5674F6CFC}.Release|Mixed Platforms.ActiveCfg = Release|Any CPU
		{8069E6E0-91C4-4BC2-A490-80A5674F6CFC}.Release|Mixed Platforms.Build.0 = Release|Any CPU
		{8069E6E0-91C4-4BC2-A490-80A5674F6CFC}.Release|x86.ActiveCfg = Release|Any CPU
		{4B10C9C7-9570-49F0-A7FB-7756BF4A1299}.Debug|Any CPU.ActiveCfg = Debug|Any CPU
		{4B10C9C7-9570-49F0-A7FB-7756BF4A1299}.Debug|Any CPU.Build.0 = Debug|Any CPU
		{4B10C9C7-9570-49F0-A7FB-7756BF4A1299}.Debug|Mixed Platforms.ActiveCfg = Debug|Any CPU
		{4B10C9C7-9570-49F0-A7FB-7756BF4A1299}.Debug|Mixed Platforms.Build.0 = Debug|Any CPU
		{4B10C9C7-9570-49F0-A7FB-7756BF4A1299}.Debug|x86.ActiveCfg = Debug|Any CPU
		{4B10C9C7-9570-49F0-A7FB-7756BF4A1299}.Release|Any CPU.ActiveCfg = Release|Any CPU
		{4B10C9C7-9570-49F0-A7FB-7756BF4A1299}.Release|Any CPU.Build.0 = Release|Any CPU
		{4B10C9C7-9570-49F0-A7FB-7756BF4A1299}.Release|Mixed Platforms.ActiveCfg = Release|Any CPU
		{4B10C9C7-9570-49F0-A7FB-7756BF4A1299}.Release|Mixed Platforms.Build.0 = Release|Any CPU
		{4B10C9C7-9570-49F0-A7FB-7756BF4A1299}.Release|x86.ActiveCfg = Release|Any CPU
		{5C3C4F8C-DC67-4E7E-8435-667774FC043E}.Debug|Any CPU.ActiveCfg = Debug|Any CPU
		{5C3C4F8C-DC67-4E7E-8435-667774FC043E}.Debug|Any CPU.Build.0 = Debug|Any CPU
		{5C3C4F8C-DC67-4E7E-8435-667774FC043E}.Debug|Mixed Platforms.ActiveCfg = Debug|Any CPU
		{5C3C4F8C-DC67-4E7E-8435-667774FC043E}.Debug|Mixed Platforms.Build.0 = Debug|Any CPU
		{5C3C4F8C-DC67-4E7E-8435-667774FC043E}.Debug|x86.ActiveCfg = Debug|Any CPU
		{5C3C4F8C-DC67-4E7E-8435-667774FC043E}.Release|Any CPU.ActiveCfg = Release|Any CPU
		{5C3C4F8C-DC67-4E7E-8435-667774FC043E}.Release|Any CPU.Build.0 = Release|Any CPU
		{5C3C4F8C-DC67-4E7E-8435-667774FC043E}.Release|Mixed Platforms.ActiveCfg = Release|Any CPU
		{5C3C4F8C-DC67-4E7E-8435-667774FC043E}.Release|Mixed Platforms.Build.0 = Release|Any CPU
		{5C3C4F8C-DC67-4E7E-8435-667774FC043E}.Release|x86.ActiveCfg = Release|Any CPU
		{89562EED-6323-4739-9557-2D4F5AA69F8F}.Debug|Any CPU.ActiveCfg = Debug|Any CPU
		{89562EED-6323-4739-9557-2D4F5AA69F8F}.Debug|Any CPU.Build.0 = Debug|Any CPU
		{89562EED-6323-4739-9557-2D4F5AA69F8F}.Debug|Mixed Platforms.ActiveCfg = Debug|Any CPU
		{89562EED-6323-4739-9557-2D4F5AA69F8F}.Debug|Mixed Platforms.Build.0 = Debug|Any CPU
		{89562EED-6323-4739-9557-2D4F5AA69F8F}.Debug|x86.ActiveCfg = Debug|Any CPU
		{89562EED-6323-4739-9557-2D4F5AA69F8F}.Release|Any CPU.ActiveCfg = Release|Any CPU
		{89562EED-6323-4739-9557-2D4F5AA69F8F}.Release|Any CPU.Build.0 = Release|Any CPU
		{89562EED-6323-4739-9557-2D4F5AA69F8F}.Release|Mixed Platforms.ActiveCfg = Release|Any CPU
		{89562EED-6323-4739-9557-2D4F5AA69F8F}.Release|Mixed Platforms.Build.0 = Release|Any CPU
		{89562EED-6323-4739-9557-2D4F5AA69F8F}.Release|x86.ActiveCfg = Release|Any CPU
		{5B0A6F54-047F-4CFB-BB8C-056DBB4EE85E}.Debug|Any CPU.ActiveCfg = Debug|Any CPU
		{5B0A6F54-047F-4CFB-BB8C-056DBB4EE85E}.Debug|Any CPU.Build.0 = Debug|Any CPU
		{5B0A6F54-047F-4CFB-BB8C-056DBB4EE85E}.Debug|Mixed Platforms.ActiveCfg = Debug|Any CPU
		{5B0A6F54-047F-4CFB-BB8C-056DBB4EE85E}.Debug|Mixed Platforms.Build.0 = Debug|Any CPU
		{5B0A6F54-047F-4CFB-BB8C-056DBB4EE85E}.Debug|x86.ActiveCfg = Debug|Any CPU
		{5B0A6F54-047F-4CFB-BB8C-056DBB4EE85E}.Release|Any CPU.ActiveCfg = Release|Any CPU
		{5B0A6F54-047F-4CFB-BB8C-056DBB4EE85E}.Release|Any CPU.Build.0 = Release|Any CPU
		{5B0A6F54-047F-4CFB-BB8C-056DBB4EE85E}.Release|Mixed Platforms.ActiveCfg = Release|Any CPU
		{5B0A6F54-047F-4CFB-BB8C-056DBB4EE85E}.Release|Mixed Platforms.Build.0 = Release|Any CPU
		{5B0A6F54-047F-4CFB-BB8C-056DBB4EE85E}.Release|x86.ActiveCfg = Release|Any CPU
		{CF7CFD5E-9215-4014-8647-AE906A87A5A3}.Debug|Any CPU.ActiveCfg = Debug|Any CPU
		{CF7CFD5E-9215-4014-8647-AE906A87A5A3}.Debug|Any CPU.Build.0 = Debug|Any CPU
		{CF7CFD5E-9215-4014-8647-AE906A87A5A3}.Debug|Mixed Platforms.ActiveCfg = Debug|Any CPU
		{CF7CFD5E-9215-4014-8647-AE906A87A5A3}.Debug|Mixed Platforms.Build.0 = Debug|Any CPU
		{CF7CFD5E-9215-4014-8647-AE906A87A5A3}.Debug|x86.ActiveCfg = Debug|Any CPU
		{CF7CFD5E-9215-4014-8647-AE906A87A5A3}.Release|Any CPU.ActiveCfg = Release|Any CPU
		{CF7CFD5E-9215-4014-8647-AE906A87A5A3}.Release|Any CPU.Build.0 = Release|Any CPU
		{CF7CFD5E-9215-4014-8647-AE906A87A5A3}.Release|Mixed Platforms.ActiveCfg = Release|Any CPU
		{CF7CFD5E-9215-4014-8647-AE906A87A5A3}.Release|Mixed Platforms.Build.0 = Release|Any CPU
		{CF7CFD5E-9215-4014-8647-AE906A87A5A3}.Release|x86.ActiveCfg = Release|Any CPU
		{84F6DB4B-1B73-42F6-81CE-67CD9631FE2A}.Debug|Any CPU.ActiveCfg = Debug|Any CPU
		{84F6DB4B-1B73-42F6-81CE-67CD9631FE2A}.Debug|Any CPU.Build.0 = Debug|Any CPU
		{84F6DB4B-1B73-42F6-81CE-67CD9631FE2A}.Debug|Mixed Platforms.ActiveCfg = Debug|Any CPU
		{84F6DB4B-1B73-42F6-81CE-67CD9631FE2A}.Debug|Mixed Platforms.Build.0 = Debug|Any CPU
		{84F6DB4B-1B73-42F6-81CE-67CD9631FE2A}.Debug|x86.ActiveCfg = Debug|Any CPU
		{84F6DB4B-1B73-42F6-81CE-67CD9631FE2A}.Release|Any CPU.ActiveCfg = Release|Any CPU
		{84F6DB4B-1B73-42F6-81CE-67CD9631FE2A}.Release|Any CPU.Build.0 = Release|Any CPU
		{84F6DB4B-1B73-42F6-81CE-67CD9631FE2A}.Release|Mixed Platforms.ActiveCfg = Release|Any CPU
		{84F6DB4B-1B73-42F6-81CE-67CD9631FE2A}.Release|Mixed Platforms.Build.0 = Release|Any CPU
		{84F6DB4B-1B73-42F6-81CE-67CD9631FE2A}.Release|x86.ActiveCfg = Release|Any CPU
		{F17E96BA-A4DA-4FD1-B091-2C85B953695A}.Debug|Any CPU.ActiveCfg = Debug|Any CPU
		{F17E96BA-A4DA-4FD1-B091-2C85B953695A}.Debug|Any CPU.Build.0 = Debug|Any CPU
		{F17E96BA-A4DA-4FD1-B091-2C85B953695A}.Debug|Mixed Platforms.ActiveCfg = Debug|Any CPU
		{F17E96BA-A4DA-4FD1-B091-2C85B953695A}.Debug|Mixed Platforms.Build.0 = Debug|Any CPU
		{F17E96BA-A4DA-4FD1-B091-2C85B953695A}.Debug|x86.ActiveCfg = Debug|Any CPU
		{F17E96BA-A4DA-4FD1-B091-2C85B953695A}.Release|Any CPU.ActiveCfg = Release|Any CPU
		{F17E96BA-A4DA-4FD1-B091-2C85B953695A}.Release|Any CPU.Build.0 = Release|Any CPU
		{F17E96BA-A4DA-4FD1-B091-2C85B953695A}.Release|Mixed Platforms.ActiveCfg = Release|Any CPU
		{F17E96BA-A4DA-4FD1-B091-2C85B953695A}.Release|Mixed Platforms.Build.0 = Release|Any CPU
		{F17E96BA-A4DA-4FD1-B091-2C85B953695A}.Release|x86.ActiveCfg = Release|Any CPU
		{2656DDDF-69BC-4DA9-9691-5059CC710750}.Debug|Any CPU.ActiveCfg = Debug|Any CPU
		{2656DDDF-69BC-4DA9-9691-5059CC710750}.Debug|Any CPU.Build.0 = Debug|Any CPU
		{2656DDDF-69BC-4DA9-9691-5059CC710750}.Debug|Mixed Platforms.ActiveCfg = Debug|Any CPU
		{2656DDDF-69BC-4DA9-9691-5059CC710750}.Debug|Mixed Platforms.Build.0 = Debug|Any CPU
		{2656DDDF-69BC-4DA9-9691-5059CC710750}.Debug|x86.ActiveCfg = Debug|Any CPU
		{2656DDDF-69BC-4DA9-9691-5059CC710750}.Release|Any CPU.ActiveCfg = Release|Any CPU
		{2656DDDF-69BC-4DA9-9691-5059CC710750}.Release|Any CPU.Build.0 = Release|Any CPU
		{2656DDDF-69BC-4DA9-9691-5059CC710750}.Release|Mixed Platforms.ActiveCfg = Release|Any CPU
		{2656DDDF-69BC-4DA9-9691-5059CC710750}.Release|Mixed Platforms.Build.0 = Release|Any CPU
		{2656DDDF-69BC-4DA9-9691-5059CC710750}.Release|x86.ActiveCfg = Release|Any CPU
		{67CBC824-A49E-4E9B-A947-360F3DFE65C3}.Debug|Any CPU.ActiveCfg = Debug|Any CPU
		{67CBC824-A49E-4E9B-A947-360F3DFE65C3}.Debug|Any CPU.Build.0 = Debug|Any CPU
		{67CBC824-A49E-4E9B-A947-360F3DFE65C3}.Debug|Mixed Platforms.ActiveCfg = Debug|Any CPU
		{67CBC824-A49E-4E9B-A947-360F3DFE65C3}.Debug|Mixed Platforms.Build.0 = Debug|Any CPU
		{67CBC824-A49E-4E9B-A947-360F3DFE65C3}.Debug|x86.ActiveCfg = Debug|Any CPU
		{67CBC824-A49E-4E9B-A947-360F3DFE65C3}.Release|Any CPU.ActiveCfg = Release|Any CPU
		{67CBC824-A49E-4E9B-A947-360F3DFE65C3}.Release|Any CPU.Build.0 = Release|Any CPU
		{67CBC824-A49E-4E9B-A947-360F3DFE65C3}.Release|Mixed Platforms.ActiveCfg = Release|Any CPU
		{67CBC824-A49E-4E9B-A947-360F3DFE65C3}.Release|Mixed Platforms.Build.0 = Release|Any CPU
		{67CBC824-A49E-4E9B-A947-360F3DFE65C3}.Release|x86.ActiveCfg = Release|Any CPU
		{B9759007-BDCA-435A-B493-02F3D75BF4B8}.Debug|Any CPU.ActiveCfg = Debug|Any CPU
		{B9759007-BDCA-435A-B493-02F3D75BF4B8}.Debug|Any CPU.Build.0 = Debug|Any CPU
		{B9759007-BDCA-435A-B493-02F3D75BF4B8}.Debug|Mixed Platforms.ActiveCfg = Debug|Any CPU
		{B9759007-BDCA-435A-B493-02F3D75BF4B8}.Debug|Mixed Platforms.Build.0 = Debug|Any CPU
		{B9759007-BDCA-435A-B493-02F3D75BF4B8}.Debug|x86.ActiveCfg = Debug|Any CPU
		{B9759007-BDCA-435A-B493-02F3D75BF4B8}.Release|Any CPU.ActiveCfg = Release|Any CPU
		{B9759007-BDCA-435A-B493-02F3D75BF4B8}.Release|Any CPU.Build.0 = Release|Any CPU
		{B9759007-BDCA-435A-B493-02F3D75BF4B8}.Release|Mixed Platforms.ActiveCfg = Release|Any CPU
		{B9759007-BDCA-435A-B493-02F3D75BF4B8}.Release|Mixed Platforms.Build.0 = Release|Any CPU
		{B9759007-BDCA-435A-B493-02F3D75BF4B8}.Release|x86.ActiveCfg = Release|Any CPU
		{AE69E6E3-76FB-454C-9275-A65F79E83BDA}.Debug|Any CPU.ActiveCfg = Debug|Any CPU
		{AE69E6E3-76FB-454C-9275-A65F79E83BDA}.Debug|Any CPU.Build.0 = Debug|Any CPU
		{AE69E6E3-76FB-454C-9275-A65F79E83BDA}.Debug|Mixed Platforms.ActiveCfg = Debug|Any CPU
		{AE69E6E3-76FB-454C-9275-A65F79E83BDA}.Debug|Mixed Platforms.Build.0 = Debug|Any CPU
		{AE69E6E3-76FB-454C-9275-A65F79E83BDA}.Debug|x86.ActiveCfg = Debug|Any CPU
		{AE69E6E3-76FB-454C-9275-A65F79E83BDA}.Release|Any CPU.ActiveCfg = Release|Any CPU
		{AE69E6E3-76FB-454C-9275-A65F79E83BDA}.Release|Any CPU.Build.0 = Release|Any CPU
		{AE69E6E3-76FB-454C-9275-A65F79E83BDA}.Release|Mixed Platforms.ActiveCfg = Release|Any CPU
		{AE69E6E3-76FB-454C-9275-A65F79E83BDA}.Release|Mixed Platforms.Build.0 = Release|Any CPU
		{AE69E6E3-76FB-454C-9275-A65F79E83BDA}.Release|x86.ActiveCfg = Release|Any CPU
		{7643D859-9414-4D6F-A65B-69368365F60A}.Debug|Any CPU.ActiveCfg = Debug|Any CPU
		{7643D859-9414-4D6F-A65B-69368365F60A}.Debug|Any CPU.Build.0 = Debug|Any CPU
		{7643D859-9414-4D6F-A65B-69368365F60A}.Debug|Mixed Platforms.ActiveCfg = Debug|Any CPU
		{7643D859-9414-4D6F-A65B-69368365F60A}.Debug|Mixed Platforms.Build.0 = Debug|Any CPU
		{7643D859-9414-4D6F-A65B-69368365F60A}.Debug|x86.ActiveCfg = Debug|Any CPU
		{7643D859-9414-4D6F-A65B-69368365F60A}.Release|Any CPU.ActiveCfg = Release|Any CPU
		{7643D859-9414-4D6F-A65B-69368365F60A}.Release|Any CPU.Build.0 = Release|Any CPU
		{7643D859-9414-4D6F-A65B-69368365F60A}.Release|Mixed Platforms.ActiveCfg = Release|Any CPU
		{7643D859-9414-4D6F-A65B-69368365F60A}.Release|Mixed Platforms.Build.0 = Release|Any CPU
		{7643D859-9414-4D6F-A65B-69368365F60A}.Release|x86.ActiveCfg = Release|Any CPU
		{041AC682-A894-4C25-B193-92D1E5AD90C8}.Debug|Any CPU.ActiveCfg = Debug|Any CPU
		{041AC682-A894-4C25-B193-92D1E5AD90C8}.Debug|Any CPU.Build.0 = Debug|Any CPU
		{041AC682-A894-4C25-B193-92D1E5AD90C8}.Debug|Mixed Platforms.ActiveCfg = Debug|Any CPU
		{041AC682-A894-4C25-B193-92D1E5AD90C8}.Debug|Mixed Platforms.Build.0 = Debug|Any CPU
		{041AC682-A894-4C25-B193-92D1E5AD90C8}.Debug|x86.ActiveCfg = Debug|Any CPU
		{041AC682-A894-4C25-B193-92D1E5AD90C8}.Release|Any CPU.ActiveCfg = Release|Any CPU
		{041AC682-A894-4C25-B193-92D1E5AD90C8}.Release|Any CPU.Build.0 = Release|Any CPU
		{041AC682-A894-4C25-B193-92D1E5AD90C8}.Release|Mixed Platforms.ActiveCfg = Release|Any CPU
		{041AC682-A894-4C25-B193-92D1E5AD90C8}.Release|Mixed Platforms.Build.0 = Release|Any CPU
		{041AC682-A894-4C25-B193-92D1E5AD90C8}.Release|x86.ActiveCfg = Release|Any CPU
		{F279BC68-5689-409D-BA33-BDCDD0C4E0C6}.Debug|Any CPU.ActiveCfg = Debug|Any CPU
		{F279BC68-5689-409D-BA33-BDCDD0C4E0C6}.Debug|Any CPU.Build.0 = Debug|Any CPU
		{F279BC68-5689-409D-BA33-BDCDD0C4E0C6}.Debug|Mixed Platforms.ActiveCfg = Debug|Any CPU
		{F279BC68-5689-409D-BA33-BDCDD0C4E0C6}.Debug|Mixed Platforms.Build.0 = Debug|Any CPU
		{F279BC68-5689-409D-BA33-BDCDD0C4E0C6}.Debug|x86.ActiveCfg = Debug|Any CPU
		{F279BC68-5689-409D-BA33-BDCDD0C4E0C6}.Release|Any CPU.ActiveCfg = Release|Any CPU
		{F279BC68-5689-409D-BA33-BDCDD0C4E0C6}.Release|Any CPU.Build.0 = Release|Any CPU
		{F279BC68-5689-409D-BA33-BDCDD0C4E0C6}.Release|Mixed Platforms.ActiveCfg = Release|Any CPU
		{F279BC68-5689-409D-BA33-BDCDD0C4E0C6}.Release|Mixed Platforms.Build.0 = Release|Any CPU
		{F279BC68-5689-409D-BA33-BDCDD0C4E0C6}.Release|x86.ActiveCfg = Release|Any CPU
		{8371F180-3AC1-4B70-AC1F-8EAFC79F7D99}.Debug|Any CPU.ActiveCfg = Debug|Any CPU
		{8371F180-3AC1-4B70-AC1F-8EAFC79F7D99}.Debug|Any CPU.Build.0 = Debug|Any CPU
		{8371F180-3AC1-4B70-AC1F-8EAFC79F7D99}.Debug|Mixed Platforms.ActiveCfg = Debug|Any CPU
		{8371F180-3AC1-4B70-AC1F-8EAFC79F7D99}.Debug|Mixed Platforms.Build.0 = Debug|Any CPU
		{8371F180-3AC1-4B70-AC1F-8EAFC79F7D99}.Debug|x86.ActiveCfg = Debug|Any CPU
		{8371F180-3AC1-4B70-AC1F-8EAFC79F7D99}.Release|Any CPU.ActiveCfg = Release|Any CPU
		{8371F180-3AC1-4B70-AC1F-8EAFC79F7D99}.Release|Any CPU.Build.0 = Release|Any CPU
		{8371F180-3AC1-4B70-AC1F-8EAFC79F7D99}.Release|Mixed Platforms.ActiveCfg = Release|Any CPU
		{8371F180-3AC1-4B70-AC1F-8EAFC79F7D99}.Release|Mixed Platforms.Build.0 = Release|Any CPU
		{8371F180-3AC1-4B70-AC1F-8EAFC79F7D99}.Release|x86.ActiveCfg = Release|Any CPU
		{1F9810C0-2201-4A04-805A-21CB9ECDD512}.Debug|Any CPU.ActiveCfg = Debug|Any CPU
		{1F9810C0-2201-4A04-805A-21CB9ECDD512}.Debug|Any CPU.Build.0 = Debug|Any CPU
		{1F9810C0-2201-4A04-805A-21CB9ECDD512}.Debug|Mixed Platforms.ActiveCfg = Debug|Any CPU
		{1F9810C0-2201-4A04-805A-21CB9ECDD512}.Debug|Mixed Platforms.Build.0 = Debug|Any CPU
		{1F9810C0-2201-4A04-805A-21CB9ECDD512}.Debug|x86.ActiveCfg = Debug|Any CPU
		{1F9810C0-2201-4A04-805A-21CB9ECDD512}.Release|Any CPU.ActiveCfg = Release|Any CPU
		{1F9810C0-2201-4A04-805A-21CB9ECDD512}.Release|Any CPU.Build.0 = Release|Any CPU
		{1F9810C0-2201-4A04-805A-21CB9ECDD512}.Release|Mixed Platforms.ActiveCfg = Release|Any CPU
		{1F9810C0-2201-4A04-805A-21CB9ECDD512}.Release|Mixed Platforms.Build.0 = Release|Any CPU
		{1F9810C0-2201-4A04-805A-21CB9ECDD512}.Release|x86.ActiveCfg = Release|Any CPU
		{C2414DD4-BBC5-4063-AAF9-9AC1BC35409D}.Debug|Any CPU.ActiveCfg = Debug|Any CPU
		{C2414DD4-BBC5-4063-AAF9-9AC1BC35409D}.Debug|Any CPU.Build.0 = Debug|Any CPU
		{C2414DD4-BBC5-4063-AAF9-9AC1BC35409D}.Debug|Mixed Platforms.ActiveCfg = Debug|Any CPU
		{C2414DD4-BBC5-4063-AAF9-9AC1BC35409D}.Debug|Mixed Platforms.Build.0 = Debug|Any CPU
		{C2414DD4-BBC5-4063-AAF9-9AC1BC35409D}.Debug|x86.ActiveCfg = Debug|Any CPU
		{C2414DD4-BBC5-4063-AAF9-9AC1BC35409D}.Release|Any CPU.ActiveCfg = Release|Any CPU
		{C2414DD4-BBC5-4063-AAF9-9AC1BC35409D}.Release|Any CPU.Build.0 = Release|Any CPU
		{C2414DD4-BBC5-4063-AAF9-9AC1BC35409D}.Release|Mixed Platforms.ActiveCfg = Release|Any CPU
		{C2414DD4-BBC5-4063-AAF9-9AC1BC35409D}.Release|Mixed Platforms.Build.0 = Release|Any CPU
		{C2414DD4-BBC5-4063-AAF9-9AC1BC35409D}.Release|x86.ActiveCfg = Release|Any CPU
		{64E9FD64-74DA-4FEE-9611-722D475B6312}.Debug|Any CPU.ActiveCfg = Debug|Any CPU
		{64E9FD64-74DA-4FEE-9611-722D475B6312}.Debug|Any CPU.Build.0 = Debug|Any CPU
		{64E9FD64-74DA-4FEE-9611-722D475B6312}.Debug|Mixed Platforms.ActiveCfg = Debug|Any CPU
		{64E9FD64-74DA-4FEE-9611-722D475B6312}.Debug|Mixed Platforms.Build.0 = Debug|Any CPU
		{64E9FD64-74DA-4FEE-9611-722D475B6312}.Debug|x86.ActiveCfg = Debug|Any CPU
		{64E9FD64-74DA-4FEE-9611-722D475B6312}.Release|Any CPU.ActiveCfg = Release|Any CPU
		{64E9FD64-74DA-4FEE-9611-722D475B6312}.Release|Any CPU.Build.0 = Release|Any CPU
		{64E9FD64-74DA-4FEE-9611-722D475B6312}.Release|Mixed Platforms.ActiveCfg = Release|Any CPU
		{64E9FD64-74DA-4FEE-9611-722D475B6312}.Release|Mixed Platforms.Build.0 = Release|Any CPU
		{64E9FD64-74DA-4FEE-9611-722D475B6312}.Release|x86.ActiveCfg = Release|Any CPU
		{C7BE64F2-B820-4B8D-8823-0DE436FCBA60}.Debug|Any CPU.ActiveCfg = Debug|Any CPU
		{C7BE64F2-B820-4B8D-8823-0DE436FCBA60}.Debug|Any CPU.Build.0 = Debug|Any CPU
		{C7BE64F2-B820-4B8D-8823-0DE436FCBA60}.Debug|Mixed Platforms.ActiveCfg = Debug|Any CPU
		{C7BE64F2-B820-4B8D-8823-0DE436FCBA60}.Debug|Mixed Platforms.Build.0 = Debug|Any CPU
		{C7BE64F2-B820-4B8D-8823-0DE436FCBA60}.Debug|x86.ActiveCfg = Debug|Any CPU
		{C7BE64F2-B820-4B8D-8823-0DE436FCBA60}.Release|Any CPU.ActiveCfg = Release|Any CPU
		{C7BE64F2-B820-4B8D-8823-0DE436FCBA60}.Release|Any CPU.Build.0 = Release|Any CPU
		{C7BE64F2-B820-4B8D-8823-0DE436FCBA60}.Release|Mixed Platforms.ActiveCfg = Release|Any CPU
		{C7BE64F2-B820-4B8D-8823-0DE436FCBA60}.Release|Mixed Platforms.Build.0 = Release|Any CPU
		{C7BE64F2-B820-4B8D-8823-0DE436FCBA60}.Release|x86.ActiveCfg = Release|Any CPU
		{C8A46E49-869B-49E9-803B-7DC8FDDD1FF2}.Debug|Any CPU.ActiveCfg = Debug|Any CPU
		{C8A46E49-869B-49E9-803B-7DC8FDDD1FF2}.Debug|Any CPU.Build.0 = Debug|Any CPU
		{C8A46E49-869B-49E9-803B-7DC8FDDD1FF2}.Debug|Mixed Platforms.ActiveCfg = Debug|Any CPU
		{C8A46E49-869B-49E9-803B-7DC8FDDD1FF2}.Debug|Mixed Platforms.Build.0 = Debug|Any CPU
		{C8A46E49-869B-49E9-803B-7DC8FDDD1FF2}.Debug|x86.ActiveCfg = Debug|Any CPU
		{C8A46E49-869B-49E9-803B-7DC8FDDD1FF2}.Release|Any CPU.ActiveCfg = Release|Any CPU
		{C8A46E49-869B-49E9-803B-7DC8FDDD1FF2}.Release|Any CPU.Build.0 = Release|Any CPU
		{C8A46E49-869B-49E9-803B-7DC8FDDD1FF2}.Release|Mixed Platforms.ActiveCfg = Release|Any CPU
		{C8A46E49-869B-49E9-803B-7DC8FDDD1FF2}.Release|Mixed Platforms.Build.0 = Release|Any CPU
		{C8A46E49-869B-49E9-803B-7DC8FDDD1FF2}.Release|x86.ActiveCfg = Release|Any CPU
	EndGlobalSection
	GlobalSection(SolutionProperties) = preSolution
		HideSolutionNode = FALSE
	EndGlobalSection
	GlobalSection(NestedProjects) = preSolution
		{B4A77B02-C17A-42EB-941C-ADE22EC5C39B} = {8C6D3AC5-8591-4F32-A8AB-18C9E60F1029}
		{EB366CE7-D6E2-4A0F-8E66-BC19E75B68CD} = {8C6D3AC5-8591-4F32-A8AB-18C9E60F1029}
		{8C523E7F-B28A-4B5D-B359-D44D88B6EDC6} = {8C6D3AC5-8591-4F32-A8AB-18C9E60F1029}
		{CF117C26-2CEA-4359-AD72-62F923F42F2D} = {8C6D3AC5-8591-4F32-A8AB-18C9E60F1029}
		{1FD524AE-ABFD-4898-A470-63D94D2911E4} = {7B00A164-BFB9-41BB-AB3A-1783AC455142}
		{BF6ED4EE-74F6-46FB-B078-24AC129C9B78} = {7B00A164-BFB9-41BB-AB3A-1783AC455142}
		{BC7F5FD3-E137-4357-A022-0CD07F444B6F} = {7B00A164-BFB9-41BB-AB3A-1783AC455142}
		{BE9DCCD0-D5AA-4AFF-9C42-34E325D1FD7E} = {0F4B5C90-88A6-4477-8AAF-65FE2E940787}
		{8069E6E0-91C4-4BC2-A490-80A5674F6CFC} = {0F4B5C90-88A6-4477-8AAF-65FE2E940787}
		{4B10C9C7-9570-49F0-A7FB-7756BF4A1299} = {0F4B5C90-88A6-4477-8AAF-65FE2E940787}
		{89562EED-6323-4739-9557-2D4F5AA69F8F} = {0F4B5C90-88A6-4477-8AAF-65FE2E940787}
		{AE69E6E3-76FB-454C-9275-A65F79E83BDA} = {0F4B5C90-88A6-4477-8AAF-65FE2E940787}
		{C2414DD4-BBC5-4063-AAF9-9AC1BC35409D} = {0F4B5C90-88A6-4477-8AAF-65FE2E940787}
		{C8A46E49-869B-49E9-803B-7DC8FDDD1FF2} = {0F4B5C90-88A6-4477-8AAF-65FE2E940787}
		{5C3C4F8C-DC67-4E7E-8435-667774FC043E} = {B4A77B02-C17A-42EB-941C-ADE22EC5C39B}
		{29B0B536-3C50-481A-BC6C-89F66FE39F88} = {B4A77B02-C17A-42EB-941C-ADE22EC5C39B}
		{64E9FD64-74DA-4FEE-9611-722D475B6312} = {B4A77B02-C17A-42EB-941C-ADE22EC5C39B}
		{C7BE64F2-B820-4B8D-8823-0DE436FCBA60} = {B4A77B02-C17A-42EB-941C-ADE22EC5C39B}
		{CF7CFD5E-9215-4014-8647-AE906A87A5A3} = {EB366CE7-D6E2-4A0F-8E66-BC19E75B68CD}
		{84F6DB4B-1B73-42F6-81CE-67CD9631FE2A} = {EB366CE7-D6E2-4A0F-8E66-BC19E75B68CD}
		{5B0A6F54-047F-4CFB-BB8C-056DBB4EE85E} = {EB366CE7-D6E2-4A0F-8E66-BC19E75B68CD}
		{F17E96BA-A4DA-4FD1-B091-2C85B953695A} = {8C523E7F-B28A-4B5D-B359-D44D88B6EDC6}
		{2656DDDF-69BC-4DA9-9691-5059CC710750} = {8C523E7F-B28A-4B5D-B359-D44D88B6EDC6}
		{67CBC824-A49E-4E9B-A947-360F3DFE65C3} = {8C523E7F-B28A-4B5D-B359-D44D88B6EDC6}
		{7643D859-9414-4D6F-A65B-69368365F60A} = {1FD524AE-ABFD-4898-A470-63D94D2911E4}
		{B9759007-BDCA-435A-B493-02F3D75BF4B8} = {1FD524AE-ABFD-4898-A470-63D94D2911E4}
		{F279BC68-5689-409D-BA33-BDCDD0C4E0C6} = {BF6ED4EE-74F6-46FB-B078-24AC129C9B78}
		{041AC682-A894-4C25-B193-92D1E5AD90C8} = {BF6ED4EE-74F6-46FB-B078-24AC129C9B78}
		{8371F180-3AC1-4B70-AC1F-8EAFC79F7D99} = {BC7F5FD3-E137-4357-A022-0CD07F444B6F}
		{1F9810C0-2201-4A04-805A-21CB9ECDD512} = {BC7F5FD3-E137-4357-A022-0CD07F444B6F}
	EndGlobalSection
EndGlobal
